github.com/go-redis/redis v6.15.1+incompatible h1:BZ9s4/vHrIqwOb0OPtTQ5uABxETJ3NRuUNoSUurnkew=
github.com/go-redis/redis v6.15.1+incompatible/go.mod h1:NAIEuMOZ/fxfXJIrKDQDz8wamY7mA7PouImQ2Jvg6kA=
github.com/hashicorp/golang-lru v0.5.0 h1:CL2msUPvZTLb5O648aiLNJw3hnBxN2+1Jq8rCOH9wdo=
github.com/hashicorp/golang-lru v0.5.0/go.mod h1:/m3WP610KZHVQ1SGc6re/UDhFvYD7pJ4Ao+sR/qLZy8=
github.com/julienschmidt/httprouter v1.2.0 h1:TDTW5Yz1mjftljbcKqRcrYhd4XeOoI98t+9HbQbYf7g=
github.com/julienschmidt/httprouter v1.2.0/go.mod h1:SYymIcj16QtmaHHD7aYtjjsJG7VTCxuUUipMqKk8s4w=
github.com/vicanso/cod v0.0.0-20190116161004-a37f5e9df412 h1:v/+UsZD/WUCBm+a28/fMjkZHwpIVjP6g8cDN2us94P8=
github.com/vicanso/cod v0.0.0-20190116161004-a37f5e9df412/go.mod h1:grObnQ1RYcCVuyccC6MWj9QrKaT/kVQB7rD23KyrMo4=
github.com/vicanso/cookies v0.0.0-20190117141217-8bbfb5f4e139 h1:NyC9bGOhRg5mCqKV6YGt5jy2N9VCeVemELfkLUr/HGA=
github.com/vicanso/cookies v0.0.0-20190117141217-8bbfb5f4e139/go.mod h1:uOj7MzTLCjN0CgRKvur1cRZCyDpsqB4jcuBsw+u2AGE=
github.com/vicanso/hes v0.1.2 h1:/3c5GmWgJHbd98RzqUx1dUkD4eZgufxJEy7ZWyWL1h8=
github.com/vicanso/hes v0.1.2/go.mod h1:bG0UJ3EihDKObFcLLwJYjxHHr9saFllsFcepyDIvFlo=
github.com/vicanso/keygrip v0.1.0 h1:/zYzoVIbREAvaxSM7bo3/oSXuuYztaP71dPBfhRoNkM=
github.com/vicanso/keygrip v0.1.0/go.mod h1:cI05iOjY00NJ7oH2Z9Zdm9eJPUkpoex3XnEubK78nho=
